
Microsoft Visual Studio Solution File, Format Version 11.00
# Visual Studio 2010
Project("{FAE04EC0-301F-11D3-BF4B-00C04F79EFBC}") = "KnetPayment", "KnetPayment.csproj", "{A95041B6-1963-4FBA-9B82-53BC4FDE817B}"
EndProject
Global
	GlobalSection(TeamFoundationVersionControl) = preSolution
		SccNumberOfProjects = 2
		SccEnterpriseProvider = {4CA58AB2-18FA-4F8D-95D4-32DDF27D184C}
		SccTeamFoundationServer = http://kca2tf01:8080/tfs/kgac%20projects
		SccLocalPath0 = .
		SccProjectUniqueName1 = KnetPayment.csproj
		SccLocalPath1 = .
	EndGlobalSection
	GlobalSection(SolutionConfigurationPlatforms) = preSolution
		Debug|Any CPU = Debug|Any CPU
		Release|Any CPU = Release|Any CPU
	EndGlobalSection
	GlobalSection(ProjectConfigurationPlatforms) = postSolution
		{A95041B6-1963-4FBA-9B82-53BC4FDE817B}.Debug|Any CPU.ActiveCfg = Debug|Any CPU
		{A95041B6-1963-4FBA-9B82-53BC4FDE817B}.Debug|Any CPU.Build.0 = Debug|Any CPU
		{A95041B6-1963-4FBA-9B82-53BC4FDE817B}.Release|Any CPU.ActiveCfg = Release|Any CPU
		{A95041B6-1963-4FBA-9B82-53BC4FDE817B}.Release|Any CPU.Build.0 = Release|Any CPU
	EndGlobalSection
	GlobalSection(SolutionProperties) = preSolution
		HideSolutionNode = FALSE
	EndGlobalSection
EndGlobal
